PODS:
  - FBSnapshotTestCase (2.1.4):
    - FBSnapshotTestCase/SwiftSupport (= 2.1.4)
  - FBSnapshotTestCase/Core (2.1.4)
  - FBSnapshotTestCase/SwiftSupport (2.1.4):
    - FBSnapshotTestCase/Core
  - GXCaptureVideo (0.1.2)

DEPENDENCIES:
  - FBSnapshotTestCase (~> 2.1.4)
  - GXCaptureVideo (from `../`)

SPEC REPOS:
  trunk:
    - FBSnapshotTestCase

EXTERNAL SOURCES:
  GXCaptureVideo:
    :path: "../"

SPEC CHECKSUMS:
  FBSnapshotTestCase: 094f9f314decbabe373b87cc339bea235a63e07a
  GXCaptureVideo: e1644155404eb764f5c80fd023230f12769897a2

PODFILE CHECKSUM: d07259cb8cacb00c407469251aee676a898a9276

COCOAPODS: 1.14.3
